// !$*UTF8*$!
{
	archiveVersion = 1;
	classes = {
	};
	objectVersion = 55;
	objects = {

/* Begin PBXBuildFile section */
		CE6BFEBB29A8BAD700E5D621 /* AppDelegate.swift in Sources */ = {isa = PBXBuildFile; fileRef = CE6BFEBA29A8BAD700E5D621 /* AppDelegate.swift */; };
		CE6BFEBD29A8BAD700E5D621 /* SceneDelegate.swift in Sources */ = {isa = PBXBuildFile; fileRef = CE6BFEBC29A8BAD700E5D621 /* SceneDelegate.swift */; };
		CE6BFEBF29A8BAD700E5D621 /* ViewController.swift in Sources */ = {isa = PBXBuildFile; fileRef = CE6BFEBE29A8BAD700E5D621 /* ViewController.swift */; };
		CE6BFEC229A8BAD700E5D621 /* Main.storyboard in Resources */ = {isa = PBXBuildFile; fileRef = CE6BFEC029A8BAD700E5D621 /* Main.storyboard */; };
		CE6BFEC429A8BADA00E5D621 /* Assets.xcassets in Resources */ = {isa = PBXBuildFile; fileRef = CE6BFEC329A8BADA00E5D621 /* Assets.xcassets */; };
		CE6BFEC729A8BADA00E5D621 /* LaunchScreen.storyboard in Resources */ = {isa = PBXBuildFile; fileRef = CE6BFEC529A8BADA00E5D621 /* LaunchScreen.storyboard */; };
		CE6BFED229A8BADA00E5D621 /* movie_iosTests.swift in Sources */ = {isa = PBXBuildFile; fileRef = CE6BFED129A8BADA00E5D621 /* movie_iosTests.swift */; };
		CE6BFEDC29A8BADA00E5D621 /* movie_iosUITests.swift in Sources */ = {isa = PBXBuildFile; fileRef = CE6BFEDB29A8BADA00E5D621 /* movie_iosUITests.swift */; };
		CE6BFEDE29A8BADA00E5D621 /* movie_iosUITestsLaunchTests.swift in Sources */ = {isa = PBXBuildFile; fileRef = CE6BFEDD29A8BADA00E5D621 /* movie_iosUITestsLaunchTests.swift */; };
/* End PBXBuildFile section */

/* Begin PBXContainerItemProxy section */
		CE6BFECE29A8BADA00E5D621 /* PBXContainerItemProxy */ = {
			isa = PBXContainerItemProxy;
			containerPortal = CE6BFEAF29A8BAD700E5D621 /* Project object */;
			proxyType = 1;
			remoteGlobalIDString = CE6BFEB629A8BAD700E5D621;
			remoteInfo = movie_ios;
		};
		CE6BFED829A8BADA00E5D621 /* PBXContainerItemProxy */ = {
			isa = PBXContainerItemProxy;
			containerPortal = CE6BFEAF29A8BAD700E5D621 /* Project object */;
			proxyType = 1;
			remoteGlobalIDString = CE6BFEB629A8BAD700E5D621;
			remoteInfo = movie_ios;
		};
/* End PBXContainerItemProxy section */

/* Begin PBXFileReference section */
		CE6BFEB729A8BAD700E5D621 /* movie_ios.app */ = {isa = PBXFileReference; explicitFileType = wrapper.application; includeInIndex = 0; path = movie_ios.app; sourceTree = BUILT_PRODUCTS_DIR; };
		CE6BFEBA29A8BAD700E5D621 /* AppDelegate.swift */ = {isa = PBXFileReference; lastKnownFileType = sourcecode.swift; path = AppDelegate.swift; sourceTree = "<group>"; };
		CE6BFEBC29A8BAD700E5D621 /* SceneDelegate.swift */ = {isa = PBXFileReference; lastKnownFileType = sourcecode.swift; path = SceneDelegate.swift; sourceTree = "<group>"; };
		CE6BFEBE29A8BAD700E5D621 /* ViewController.swift */ = {isa = PBXFileReference; lastKnownFileType = sourcecode.swift; path = ViewController.swift; sourceTree = "<group>"; };
		CE6BFEC129A8BAD700E5D621 /* Base */ = {isa = PBXFileReference; lastKnownFileType = file.storyboard; name = Base; path = Base.lproj/Main.storyboard; sourceTree = "<group>"; };
		CE6BFEC329A8BADA00E5D621 /* Assets.xcassets */ = {isa = PBXFileReference; lastKnownFileType = folder.assetcatalog; path = Assets.xcassets; sourceTree = "<group>"; };
		CE6BFEC629A8BADA00E5D621 /* Base */ = {isa = PBXFileReference; lastKnownFileType = file.storyboard; name = Base; path = Base.lproj/LaunchScreen.storyboard; sourceTree = "<group>"; };
		CE6BFEC829A8BADA00E5D621 /* Info.plist */ = {isa = PBXFileReference; lastKnownFileType = text.plist.xml; path = Info.plist; sourceTree = "<group>"; };
		CE6BFECD29A8BADA00E5D621 /* movie_iosTests.xctest */ = {isa = PBXFileReference; explicitFileType = wrapper.cfbundle; includeInIndex = 0; path = movie_iosTests.xctest; sourceTree = BUILT_PRODUCTS_DIR; };
		CE6BFED129A8BADA00E5D621 /* movie_iosTests.swift */ = {isa = PBXFileReference; lastKnownFileType = sourcecode.swift; path = movie_iosTests.swift; sourceTree = "<group>"; };
		CE6BFED729A8BADA00E5D621 /* movie_iosUITests.xctest */ = {isa = PBXFileReference; explicitFileType = wrapper.cfbundle; includeInIndex = 0; path = movie_iosUITests.xctest; sourceTree = BUILT_PRODUCTS_DIR; };
		CE6BFEDB29A8BADA00E5D621 /* movie_iosUITests.swift */ = {isa = PBXFileReference; lastKnownFileType = sourcecode.swift; path = movie_iosUITests.swift; sourceTree = "<group>"; };
		CE6BFEDD29A8BADA00E5D621 /* movie_iosUITestsLaunchTests.swift */ = {isa = PBXFileReference; lastKnownFileType = sourcecode.swift; path = movie_iosUITestsLaunchTests.swift; sourceTree = "<group>"; };
/* End PBXFileReference section */

/* Begin PBXFrameworksBuildPhase section */
		CE6BFEB429A8BAD700E5D621 /* Frameworks */ = {
			isa = PBXFrameworksBuildPhase;
			buildActionMask = 2147483647;
			files = (
			);
			runOnlyForDeploymentPostprocessing = 0;
		};
		CE6BFECA29A8BADA00E5D621 /* Frameworks */ = {
			isa = PBXFrameworksBuildPhase;
			buildActionMask = 2147483647;
			files = (
			);
			runOnlyForDeploymentPostprocessing = 0;
		};
		CE6BFED429A8BADA00E5D621 /* Frameworks */ = {
			isa = PBXFrameworksBuildPhase;
			buildActionMask = 2147483647;
			files = (
			);
			runOnlyForDeploymentPostprocessing = 0;
		};
/* End PBXFrameworksBuildPhase section */

/* Begin PBXGroup section */
		CE6BFEAE29A8BAD700E5D621 = {
			isa = PBXGroup;
			children = (
				CE6BFEB929A8BAD700E5D621 /* movie_ios */,
				CE6BFED029A8BADA00E5D621 /* movie_iosTests */,
				CE6BFEDA29A8BADA00E5D621 /* movie_iosUITests */,
				CE6BFEB829A8BAD700E5D621 /* Products */,
			);
			sourceTree = "<group>";
		};
		CE6BFEB829A8BAD700E5D621 /* Products */ = {
			isa = PBXGroup;
			children = (
				CE6BFEB729A8BAD700E5D621 /* movie_ios.app */,
				CE6BFECD29A8BADA00E5D621 /* movie_iosTests.xctest */,
				CE6BFED729A8BADA00E5D621 /* movie_iosUITests.xctest */,
			);
			name = Products;
			sourceTree = "<group>";
		};
		CE6BFEB929A8BAD700E5D621 /* movie_ios */ = {
			isa = PBXGroup;
			children = (
				CE6BFEBA29A8BAD700E5D621 /* AppDelegate.swift */,
				CE6BFEBC29A8BAD700E5D621 /* SceneDelegate.swift */,
				CE6BFEBE29A8BAD700E5D621 /* ViewController.swift */,
				CE6BFEC029A8BAD700E5D621 /* Main.storyboard */,
				CE6BFEC329A8BADA00E5D621 /* Assets.xcassets */,
				CE6BFEC529A8BADA00E5D621 /* LaunchScreen.storyboard */,
				CE6BFEC829A8BADA00E5D621 /* Info.plist */,
			);
			path = movie_ios;
			sourceTree = "<group>";
		};
		CE6BFED029A8BADA00E5D621 /* movie_iosTests */ = {
			isa = PBXGroup;
			children = (
				CE6BFED129A8BADA00E5D621 /* movie_iosTests.swift */,
			);
			path = movie_iosTests;
			sourceTree = "<group>";
		};
		CE6BFEDA29A8BADA00E5D621 /* movie_iosUITests */ = {
			isa = PBXGroup;
			children = (
				CE6BFEDB29A8BADA00E5D621 /* movie_iosUITests.swift */,
				CE6BFEDD29A8BADA00E5D621 /* movie_iosUITestsLaunchTests.swift */,
			);
			path = movie_iosUITests;
			sourceTree = "<group>";
		};
/* End PBXGroup section */

/* Begin PBXNativeTarget section */
		CE6BFEB629A8BAD700E5D621 /* movie_ios */ = {
			isa = PBXNativeTarget;
			buildConfigurationList = CE6BFEE129A8BADA00E5D621 /* Build configuration list for PBXNativeTarget "movie_ios" */;
			buildPhases = (
				CE6BFEB329A8BAD700E5D621 /* Sources */,
				CE6BFEB429A8BAD700E5D621 /* Frameworks */,
				CE6BFEB529A8BAD700E5D621 /* Resources */,
			);
			buildRules = (
			);
			dependencies = (
			);
			name = movie_ios;
			productName = movie_ios;
			productReference = CE6BFEB729A8BAD700E5D621 /* movie_ios.app */;
			productType = "com.apple.product-type.application";
		};
		CE6BFECC29A8BADA00E5D621 /* movie_iosTests */ = {
			isa = PBXNativeTarget;
			buildConfigurationList = CE6BFEE429A8BADA00E5D621 /* Build configuration list for PBXNativeTarget "movie_iosTests" */;
			buildPhases = (
				CE6BFEC929A8BADA00E5D621 /* Sources */,
				CE6BFECA29A8BADA00E5D621 /* Frameworks */,
				CE6BFECB29A8BADA00E5D621 /* Resources */,
			);
			buildRules = (
			);
			dependencies = (
				CE6BFECF29A8BADA00E5D621 /* PBXTargetDependency */,
			);
			name = movie_iosTests;
			productName = movie_iosTests;
			productReference = CE6BFECD29A8BADA00E5D621 /* movie_iosTests.xctest */;
			productType = "com.apple.product-type.bundle.unit-test";
		};
		CE6BFED629A8BADA00E5D621 /* movie_iosUITests */ = {
			isa = PBXNativeTarget;
			buildConfigurationList = CE6BFEE729A8BADA00E5D621 /* Build configuration list for PBXNativeTarget "movie_iosUITests" */;
			buildPhases = (
				CE6BFED329A8BADA00E5D621 /* Sources */,
				CE6BFED429A8BADA00E5D621 /* Frameworks */,
				CE6BFED529A8BADA00E5D621 /* Resources */,
			);
			buildRules = (
			);
			dependencies = (
				CE6BFED929A8BADA00E5D621 /* PBXTargetDependency */,
			);
			name = movie_iosUITests;
			productName = movie_iosUITests;
			productReference = CE6BFED729A8BADA00E5D621 /* movie_iosUITests.xctest */;
			productType = "com.apple.product-type.bundle.ui-testing";
		};
/* End PBXNativeTarget section */

/* Begin PBXProject section */
		CE6BFEAF29A8BAD700E5D621 /* Project object */ = {
			isa = PBXProject;
			attributes = {
				BuildIndependentTargetsInParallel = 1;
				LastSwiftUpdateCheck = 1340;
				LastUpgradeCheck = 1340;
				TargetAttributes = {
					CE6BFEB629A8BAD700E5D621 = {
						CreatedOnToolsVersion = 13.4.1;
					};
					CE6BFECC29A8BADA00E5D621 = {
						CreatedOnToolsVersion = 13.4.1;
						TestTargetID = CE6BFEB629A8BAD700E5D621;
					};
					CE6BFED629A8BADA00E5D621 = {
						CreatedOnToolsVersion = 13.4.1;
						TestTargetID = CE6BFEB629A8BAD700E5D621;
					};
				};
			};
			buildConfigurationList = CE6BFEB229A8BAD700E5D621 /* Build configuration list for PBXProject "movie_ios" */;
			compatibilityVersion = "Xcode 13.0";
			developmentRegion = en;
			hasScannedForEncodings = 0;
			knownRegions = (
				en,
				Base,
			);
			mainGroup = CE6BFEAE29A8BAD700E5D621;
			productRefGroup = CE6BFEB829A8BAD700E5D621 /* Products */;
			projectDirPath = "";
			projectRoot = "";
			targets = (
				CE6BFEB629A8BAD700E5D621 /* movie_ios */,
				CE6BFECC29A8BADA00E5D621 /* movie_iosTests */,
				CE6BFED629A8BADA00E5D621 /* movie_iosUITests */,
			);
		};
/* End PBXProject section */

/* Begin PBXResourcesBuildPhase section */
		CE6BFEB529A8BAD700E5D621 /* Resources */ = {
			isa = PBXResourcesBuildPhase;
			buildActionMask = 2147483647;
			files = (
				CE6BFEC729A8BADA00E5D621 /* LaunchScreen.storyboard in Resources */,
				CE6BFEC429A8BADA00E5D621 /* Assets.xcassets in Resources */,
				CE6BFEC229A8BAD700E5D621 /* Main.storyboard in Resources */,
			);
			runOnlyForDeploymentPostprocessing = 0;
		};
		CE6BFECB29A8BADA00E5D621 /* Resources */ = {
			isa = PBXResourcesBuildPhase;
			buildActionMask = 2147483647;
			files = (
			);
			runOnlyForDeploymentPostprocessing = 0;
		};
		CE6BFED529A8BADA00E5D621 /* Resources */ = {
			isa = PBXResourcesBuildPhase;
			buildActionMask = 2147483647;
			files = (
			);
			runOnlyForDeploymentPostprocessing = 0;
		};
/* End PBXResourcesBuildPhase section */

/* Begin PBXSourcesBuildPhase section */
		CE6BFEB329A8BAD700E5D621 /* Sources */ = {
			isa = PBXSourcesBuildPhase;
			buildActionMask = 2147483647;
			files = (
				CE6BFEBF29A8BAD700E5D621 /* ViewController.swift in Sources */,
				CE6BFEBB29A8BAD700E5D621 /* AppDelegate.swift in Sources */,
				CE6BFEBD29A8BAD700E5D621 /* SceneDelegate.swift in Sources */,
			);
			runOnlyForDeploymentPostprocessing = 0;
		};
		CE6BFEC929A8BADA00E5D621 /* Sources */ = {
			isa = PBXSourcesBuildPhase;
			buildActionMask = 2147483647;
			files = (
				CE6BFED229A8BADA00E5D621 /* movie_iosTests.swift in Sources */,
			);
			runOnlyForDeploymentPostprocessing = 0;
		};
		CE6BFED329A8BADA00E5D621 /* Sources */ = {
			isa = PBXSourcesBuildPhase;
			buildActionMask = 2147483647;
			files = (
				CE6BFEDC29A8BADA00E5D621 /* movie_iosUITests.swift in Sources */,
				CE6BFEDE29A8BADA00E5D621 /* movie_iosUITestsLaunchTests.swift in Sources */,
			);
			runOnlyForDeploymentPostprocessing = 0;
		};
/* End PBXSourcesBuildPhase section */

/* Begin PBXTargetDependency section */
		CE6BFECF29A8BADA00E5D621 /* PBXTargetDependency */ = {
			isa = PBXTargetDependency;
			target = CE6BFEB629A8BAD700E5D621 /* movie_ios */;
			targetProxy = CE6BFECE29A8BADA00E5D621 /* PBXContainerItemProxy */;
		};
		CE6BFED929A8BADA00E5D621 /* PBXTargetDependency */ = {
			isa = PBXTargetDependency;
			target = CE6BFEB629A8BAD700E5D621 /* movie_ios */;
			targetProxy = CE6BFED829A8BADA00E5D621 /* PBXContainerItemProxy */;
		};
/* End PBXTargetDependency section */

/* Begin PBXVariantGroup section */
		CE6BFEC029A8BAD700E5D621 /* Main.storyboard */ = {
			isa = PBXVariantGroup;
			children = (
				CE6BFEC129A8BAD700E5D621 /* Base */,
			);
			name = Main.storyboard;
			sourceTree = "<group>";
		};
		CE6BFEC529A8BADA00E5D621 /* LaunchScreen.storyboard */ = {
			isa = PBXVariantGroup;
			children = (
				CE6BFEC629A8BADA00E5D621 /* Base */,
			);
			name = LaunchScreen.storyboard;
			sourceTree = "<group>";
		};
/* End PBXVariantGroup section */

/* Begin XCBuildConfiguration section */
		CE6BFEDF29A8BADA00E5D621 /* Debug */ = {
			isa = XCBuildConfiguration;
			buildSettings = {
				ALWAYS_SEARCH_USER_PATHS = NO;
				CLANG_ANALYZER_NONNULL = YES;
				CLANG_ANALYZER_NUMBER_OBJECT_CONVERSION = YES_AGGRESSIVE;
				CLANG_CXX_LANGUAGE_STANDARD = "gnu++17";
				CLANG_ENABLE_MODULES = YES;
				CLANG_ENABLE_OBJC_ARC = YES;
				CLANG_ENABLE_OBJC_WEAK = YES;
				CLANG_WARN_BLOCK_CAPTURE_AUTORELEASING = YES;
				CLANG_WARN_BOOL_CONVERSION = YES;
				CLANG_WARN_COMMA = YES;
				CLANG_WARN_CONSTANT_CONVERSION = YES;
				CLANG_WARN_DEPRECATED_OBJC_IMPLEMENTATIONS = YES;
				CLANG_WARN_DIRECT_OBJC_ISA_USAGE = YES_ERROR;
				CLANG_WARN_DOCUMENTATION_COMMENTS = YES;
				CLANG_WARN_EMPTY_BODY = YES;
				CLANG_WARN_ENUM_CONVERSION = YES;
				CLANG_WARN_INFINITE_RECURSION = YES;
				CLANG_WARN_INT_CONVERSION = YES;
				CLANG_WARN_NON_LITERAL_NULL_CONVERSION = YES;
				CLANG_WARN_OBJC_IMPLICIT_RETAIN_SELF = YES;
				CLANG_WARN_OBJC_LITERAL_CONVERSION = YES;
				CLANG_WARN_OBJC_ROOT_CLASS = YES_ERROR;
				CLANG_WARN_QUOTED_INCLUDE_IN_FRAMEWORK_HEADER = YES;
				CLANG_WARN_RANGE_LOOP_ANALYSIS = YES;
				CLANG_WARN_STRICT_PROTOTYPES = YES;
				CLANG_WARN_SUSPICIOUS_MOVE = YES;
				CLANG_WARN_UNGUARDED_AVAILABILITY = YES_AGGRESSIVE;
				CLANG_WARN_UNREACHABLE_CODE = YES;
				CLANG_WARN__DUPLICATE_METHOD_MATCH = YES;
				COPY_PHASE_STRIP = NO;
				DEBUG_INFORMATION_FORMAT = dwarf;
				ENABLE_STRICT_OBJC_MSGSEND = YES;
				ENABLE_TESTABILITY = YES;
				GCC_C_LANGUAGE_STANDARD = gnu11;
				GCC_DYNAMIC_NO_PIC = NO;
				GCC_NO_COMMON_BLOCKS = YES;
				GCC_OPTIMIZATION_LEVEL = 0;
				GCC_PREPROCESSOR_DEFINITIONS = (
					"DEBUG=1",
					"$(inherited)",
				);
				GCC_WARN_64_TO_32_BIT_CONVERSION = YES;
				GCC_WARN_ABOUT_RETURN_TYPE = YES_ERROR;
				GCC_WARN_UNDECLARED_SELECTOR = YES;
				GCC_WARN_UNINITIALIZED_AUTOS = YES_AGGRESSIVE;
				GCC_WARN_UNUSED_FUNCTION = YES;
				GCC_WARN_UNUSED_VARIABLE = YES;
				IPHONEOS_DEPLOYMENT_TARGET = 15.5;
				MTL_ENABLE_DEBUG_INFO = INCLUDE_SOURCE;
				MTL_FAST_MATH = YES;
				ONLY_ACTIVE_ARCH = YES;
				SDKROOT = iphoneos;
				SWIFT_ACTIVE_COMPILATION_CONDITIONS = DEBUG;
				SWIFT_OPTIMIZATION_LEVEL = "-Onone";
			};
			name = Debug;
		};
		CE6BFEE029A8BADA00E5D621 /* Release */ = {
			isa = XCBuildConfiguration;
			buildSettings = {
				ALWAYS_SEARCH_USER_PATHS = NO;
				CLANG_ANALYZER_NONNULL = YES;
				CLANG_ANALYZER_NUMBER_OBJECT_CONVERSION = YES_AGGRESSIVE;
				CLANG_CXX_LANGUAGE_STANDARD = "gnu++17";
				CLANG_ENABLE_MODULES = YES;
				CLANG_ENABLE_OBJC_ARC = YES;
				CLANG_ENABLE_OBJC_WEAK = YES;
				CLANG_WARN_BLOCK_CAPTURE_AUTORELEASING = YES;
				CLANG_WARN_BOOL_CONVERSION = YES;
				CLANG_WARN_COMMA = YES;
				CLANG_WARN_CONSTANT_CONVERSION = YES;
				CLANG_WARN_DEPRECATED_OBJC_IMPLEMENTATIONS = YES;
				CLANG_WARN_DIRECT_OBJC_ISA_USAGE = YES_ERROR;
				CLANG_WARN_DOCUMENTATION_COMMENTS = YES;
				CLANG_WARN_EMPTY_BODY = YES;
				CLANG_WARN_ENUM_CONVERSION = YES;
				CLANG_WARN_INFINITE_RECURSION = YES;
				CLANG_WARN_INT_CONVERSION = YES;
				CLANG_WARN_NON_LITERAL_NULL_CONVERSION = YES;
				CLANG_WARN_OBJC_IMPLICIT_RETAIN_SELF = YES;
				CLANG_WARN_OBJC_LITERAL_CONVERSION = YES;
				CLANG_WARN_OBJC_ROOT_CLASS = YES_ERROR;
				CLANG_WARN_QUOTED_INCLUDE_IN_FRAMEWORK_HEADER = YES;
				CLANG_WARN_RANGE_LOOP_ANALYSIS = YES;
				CLANG_WARN_STRICT_PROTOTYPES = YES;
				CLANG_WARN_SUSPICIOUS_MOVE = YES;
				CLANG_WARN_UNGUARDED_AVAILABILITY = YES_AGGRESSIVE;
				CLANG_WARN_UNREACHABLE_CODE = YES;
				CLANG_WARN__DUPLICATE_METHOD_MATCH = YES;
				COPY_PHASE_STRIP = NO;
				DEBUG_INFORMATION_FORMAT = "dwarf-with-dsym";
				ENABLE_NS_ASSERTIONS = NO;
				ENABLE_STRICT_OBJC_MSGSEND = YES;
				GCC_C_LANGUAGE_STANDARD = gnu11;
				GCC_NO_COMMON_BLOCKS = YES;
				GCC_WARN_64_TO_32_BIT_CONVERSION = YES;
				GCC_WARN_ABOUT_RETURN_TYPE = YES_ERROR;
				GCC_WARN_UNDECLARED_SELECTOR = YES;
				GCC_WARN_UNINITIALIZED_AUTOS = YES_AGGRESSIVE;
				GCC_WARN_UNUSED_FUNCTION = YES;
				GCC_WARN_UNUSED_VARIABLE = YES;
				IPHONEOS_DEPLOYMENT_TARGET = 15.5;
				MTL_ENABLE_DEBUG_INFO = NO;
				MTL_FAST_MATH = YES;
				SDKROOT = iphoneos;
				SWIFT_COMPILATION_MODE = wholemodule;
				SWIFT_OPTIMIZATION_LEVEL = "-O";
				VALIDATE_PRODUCT = YES;
			};
			name = Release;
		};
		CE6BFEE229A8BADA00E5D621 /* Debug */ = {
			isa = XCBuildConfiguration;
			buildSettings = {
				ASSETCATALOG_COMPILER_APPICON_NAME = AppIcon;
				ASSETCATALOG_COMPILER_GLOBAL_ACCENT_COLOR_NAME = AccentColor;
				CODE_SIGN_STYLE = Automatic;
				CURRENT_PROJECT_VERSION = 1;
				GENERATE_INFOPLIST_FILE = YES;
				INFOPLIST_FILE = movie_ios/Info.plist;
				INFOPLIST_KEY_UIApplicationSupportsIndirectInputEvents = YES;
				INFOPLIST_KEY_UILaunchStoryboardName = LaunchScreen;
				INFOPLIST_KEY_UIMainStoryboardFile = Main;
				INFOPLIST_KEY_UISupportedInterfaceOrientations_iPad = "UIInterfaceOrientationPortrait UIInterfaceOrientationPortraitUpsideDown UIInterfaceOrientationLandscapeLeft UIInterfaceOrientationLandscapeRight";
				INFOPLIST_KEY_UISupportedInterfaceOrientations_iPhone = "UIInterfaceOrientationPortrait UIInterfaceOrientationLandscapeLeft UIInterfaceOrientationLandscapeRight";
				LD_RUNPATH_SEARCH_PATHS = (
					"$(inherited)",
					"@executable_path/Frameworks",
				);
				MARKETING_VERSION = 1.0;
				PRODUCT_BUNDLE_IDENTIFIER = "DaoBui.movie-ios";
				PRODUCT_NAME = "$(TARGET_NAME)";
				SWIFT_EMIT_LOC_STRINGS = YES;
				SWIFT_VERSION = 5.0;
				TARGETED_DEVICE_FAMILY = "1,2";
			};
			name = Debug;
		};
		CE6BFEE329A8BADA00E5D621 /* Release */ = {
			isa = XCBuildConfiguration;
			buildSettings = {
				ASSETCATALOG_COMPILER_APPICON_NAME = AppIcon;
				ASSETCATALOG_COMPILER_GLOBAL_ACCENT_COLOR_NAME = AccentColor;
				CODE_SIGN_STYLE = Automatic;
				CURRENT_PROJECT_VERSION = 1;
				GENERATE_INFOPLIST_FILE = YES;
				INFOPLIST_FILE = movie_ios/Info.plist;
				INFOPLIST_KEY_UIApplicationSupportsIndirectInputEvents = YES;
				INFOPLIST_KEY_UILaunchStoryboardName = LaunchScreen;
				INFOPLIST_KEY_UIMainStoryboardFile = Main;
				INFOPLIST_KEY_UISupportedInterfaceOrientations_iPad = "UIInterfaceOrientationPortrait UIInterfaceOrientationPortraitUpsideDown UIInterfaceOrientationLandscapeLeft UIInterfaceOrientationLandscapeRight";
				INFOPLIST_KEY_UISupportedInterfaceOrientations_iPhone = "UIInterfaceOrientationPortrait UIInterfaceOrientationLandscapeLeft UIInterfaceOrientationLandscapeRight";
				LD_RUNPATH_SEARCH_PATHS = (
					"$(inherited)",
					"@executable_path/Frameworks",
				);
				MARKETING_VERSION = 1.0;
				PRODUCT_BUNDLE_IDENTIFIER = "DaoBui.movie-ios";
				PRODUCT_NAME = "$(TARGET_NAME)";
				SWIFT_EMIT_LOC_STRINGS = YES;
				SWIFT_VERSION = 5.0;
				TARGETED_DEVICE_FAMILY = "1,2";
			};
			name = Release;
		};
		CE6BFEE529A8BADA00E5D621 /* Debug */ = {
			isa = XCBuildConfiguration;
			buildSettings = {
				ALWAYS_EMBED_SWIFT_STANDARD_LIBRARIES = YES;
				BUNDLE_LOADER = "$(TEST_HOST)";
				CODE_SIGN_STYLE = Automatic;
				CURRENT_PROJECT_VERSION = 1;
				GENERATE_INFOPLIST_FILE = YES;
				IPHONEOS_DEPLOYMENT_TARGET = 15.5;
				MARKETING_VERSION = 1.0;
				PRODUCT_BUNDLE_IDENTIFIER = "DaoBui.movie-iosTests";
				PRODUCT_NAME = "$(TARGET_NAME)";
				SWIFT_EMIT_LOC_STRINGS = NO;
				SWIFT_VERSION = 5.0;
				TARGETED_DEVICE_FAMILY = "1,2";
				TEST_HOST = "$(BUILT_PRODUCTS_DIR)/movie_ios.app/movie_ios";
			};
			name = Debug;
		};
		CE6BFEE629A8BADA00E5D621 /* Release */ = {
			isa = XCBuildConfiguration;
			buildSettings = {
				ALWAYS_EMBED_SWIFT_STANDARD_LIBRARIES = YES;
				BUNDLE_LOADER = "$(TEST_HOST)";
				CODE_SIGN_STYLE = Automatic;
				CURRENT_PROJECT_VERSION = 1;
				GENERATE_INFOPLIST_FILE = YES;
				IPHONEOS_DEPLOYMENT_TARGET = 15.5;
				MARKETING_VERSION = 1.0;
				PRODUCT_BUNDLE_IDENTIFIER = "DaoBui.movie-iosTests";
				PRODUCT_NAME = "$(TARGET_NAME)";
				SWIFT_EMIT_LOC_STRINGS = NO;
				SWIFT_VERSION = 5.0;
				TARGETED_DEVICE_FAMILY = "1,2";
				TEST_HOST = "$(BUILT_PRODUCTS_DIR)/movie_ios.app/movie_ios";
			};
			name = Release;
		};
		CE6BFEE829A8BADA00E5D621 /* Debug */ = {
			isa = XCBuildConfiguration;
			buildSettings = {
				ALWAYS_EMBED_SWIFT_STANDARD_LIBRARIES = YES;
				CODE_SIGN_STYLE = Automatic;
				CURRENT_PROJECT_VERSION = 1;
				GENERATE_INFOPLIST_FILE = YES;
				MARKETING_VERSION = 1.0;
				PRODUCT_BUNDLE_IDENTIFIER = "DaoBui.movie-iosUITests";
				PRODUCT_NAME = "$(TARGET_NAME)";
				SWIFT_EMIT_LOC_STRINGS = NO;
				SWIFT_VERSION = 5.0;
				TARGETED_DEVICE_FAMILY = "1,2";
				TEST_TARGET_NAME = movie_ios;
			};
			name = Debug;
		};
		CE6BFEE929A8BADA00E5D621 /* Release */ = {
			isa = XCBuildConfiguration;
			buildSettings = {
				ALWAYS_EMBED_SWIFT_STANDARD_LIBRARIES = YES;
				CODE_SIGN_STYLE = Automatic;
				CURRENT_PROJECT_VERSION = 1;
				GENERATE_INFOPLIST_FILE = YES;
				MARKETING_VERSION = 1.0;
				PRODUCT_BUNDLE_IDENTIFIER = "DaoBui.movie-iosUITests";
				PRODUCT_NAME = "$(TARGET_NAME)";
				SWIFT_EMIT_LOC_STRINGS = NO;
				SWIFT_VERSION = 5.0;
				TARGETED_DEVICE_FAMILY = "1,2";
				TEST_TARGET_NAME = movie_ios;
			};
			name = Release;
		};
/* End XCBuildConfiguration section */

/* Begin XCConfigurationList section */
		CE6BFEB229A8BAD700E5D621 /* Build configuration list for PBXProject "movie_ios" */ = {
			isa = XCConfigurationList;
			buildConfigurations = (
				CE6BFEDF29A8BADA00E5D621 /* Debug */,
				CE6BFEE029A8BADA00E5D621 /* Release */,
			);
			defaultConfigurationIsVisible = 0;
			defaultConfigurationName = Release;
		};
		CE6BFEE129A8BADA00E5D621 /* Build configuration list for PBXNativeTarget "movie_ios" */ = {
			isa = XCConfigurationList;
			buildConfigurations = (
				CE6BFEE229A8BADA00E5D621 /* Debug */,
				CE6BFEE329A8BADA00E5D621 /* Release */,
			);
			defaultConfigurationIsVisible = 0;
			defaultConfigurationName = Release;
		};
		CE6BFEE429A8BADA00E5D621 /* Build configuration list for PBXNativeTarget "movie_iosTests" */ = {
			isa = XCConfigurationList;
			buildConfigurations = (
				CE6BFEE529A8BADA00E5D621 /* Debug */,
				CE6BFEE629A8BADA00E5D621 /* Release */,
			);
			defaultConfigurationIsVisible = 0;
			defaultConfigurationName = Release;
		};
		CE6BFEE729A8BADA00E5D621 /* Build configuration list for PBXNativeTarget "movie_iosUITests" */ = {
			isa = XCConfigurationList;
			buildConfigurations = (
				CE6BFEE829A8BADA00E5D621 /* Debug */,
				CE6BFEE929A8BADA00E5D621 /* Release */,
			);
			defaultConfigurationIsVisible = 0;
			defaultConfigurationName = Release;
		};
/* End XCConfigurationList section */
	};
	rootObject = CE6BFEAF29A8BAD700E5D621 /* Project object */;
}
