// !$*UTF8*$!
{
	archiveVersion = 1;
	classes = {
	};
	objectVersion = 55;
	objects = {

/* Begin PBXBuildFile section */
		CE03D27629ACBE65004F096B /* ScrollDetailViewController.swift in Sources */ = {isa = PBXBuildFile; fileRef = CE03D27529ACBE65004F096B /* ScrollDetailViewController.swift */; };
		CE0DB91529ADAD73006A5EF1 /* OtherTestViewController.swift in Sources */ = {isa = PBXBuildFile; fileRef = CE0DB91429ADAD73006A5EF1 /* OtherTestViewController.swift */; };
		CE0DB91729ADB60F006A5EF1 /* OtherCollectionViewCell.swift in Sources */ = {isa = PBXBuildFile; fileRef = CE0DB91629ADB60F006A5EF1 /* OtherCollectionViewCell.swift */; };
		CE66DB0129AB99860000AD48 /* ic_ellipse_fill.png in Resources */ = {isa = PBXBuildFile; fileRef = CE66DB0029AB99860000AD48 /* ic_ellipse_fill.png */; };
		CE66DB0329AB9A860000AD48 /* ic_ellipse.png in Resources */ = {isa = PBXBuildFile; fileRef = CE66DB0229AB9A860000AD48 /* ic_ellipse.png */; };
		CE6BFEBB29A8BAD700E5D621 /* AppDelegate.swift in Sources */ = {isa = PBXBuildFile; fileRef = CE6BFEBA29A8BAD700E5D621 /* AppDelegate.swift */; };
		CE6BFEBD29A8BAD700E5D621 /* SceneDelegate.swift in Sources */ = {isa = PBXBuildFile; fileRef = CE6BFEBC29A8BAD700E5D621 /* SceneDelegate.swift */; };
		CE6BFEBF29A8BAD700E5D621 /* ViewController.swift in Sources */ = {isa = PBXBuildFile; fileRef = CE6BFEBE29A8BAD700E5D621 /* ViewController.swift */; };
		CE6BFEC429A8BADA00E5D621 /* Assets.xcassets in Resources */ = {isa = PBXBuildFile; fileRef = CE6BFEC329A8BADA00E5D621 /* Assets.xcassets */; };
		CE6BFEC729A8BADA00E5D621 /* LaunchScreen.storyboard in Resources */ = {isa = PBXBuildFile; fileRef = CE6BFEC529A8BADA00E5D621 /* LaunchScreen.storyboard */; };
		CE6BFED229A8BADA00E5D621 /* movie_iosTests.swift in Sources */ = {isa = PBXBuildFile; fileRef = CE6BFED129A8BADA00E5D621 /* movie_iosTests.swift */; };
		CE6BFEDC29A8BADA00E5D621 /* movie_iosUITests.swift in Sources */ = {isa = PBXBuildFile; fileRef = CE6BFEDB29A8BADA00E5D621 /* movie_iosUITests.swift */; };
		CE6BFEDE29A8BADA00E5D621 /* movie_iosUITestsLaunchTests.swift in Sources */ = {isa = PBXBuildFile; fileRef = CE6BFEDD29A8BADA00E5D621 /* movie_iosUITestsLaunchTests.swift */; };
		CE6BFEED29A8BB8000E5D621 /* GradientBackground.swift in Sources */ = {isa = PBXBuildFile; fileRef = CE6BFEEC29A8BB8000E5D621 /* GradientBackground.swift */; };
		CE6BFEEF29A8C29500E5D621 /* ic_bell.png in Resources */ = {isa = PBXBuildFile; fileRef = CE6BFEEE29A8C29500E5D621 /* ic_bell.png */; };
		CE6BFEF129A8C34000E5D621 /* GradientSearch.swift in Sources */ = {isa = PBXBuildFile; fileRef = CE6BFEF029A8C34000E5D621 /* GradientSearch.swift */; };
		CE7CFA6229A8F29D0024C0DE /* UpCommingViewCell.swift in Sources */ = {isa = PBXBuildFile; fileRef = CE7CFA6129A8F29D0024C0DE /* UpCommingViewCell.swift */; };
		CE7CFA6529A8F3EC0024C0DE /* ArrayResponse.swift in Sources */ = {isa = PBXBuildFile; fileRef = CE7CFA6429A8F3EC0024C0DE /* ArrayResponse.swift */; };
		CE7CFA6729A8F40A0024C0DE /* MovieRecommend.swift in Sources */ = {isa = PBXBuildFile; fileRef = CE7CFA6629A8F40A0024C0DE /* MovieRecommend.swift */; };
		CE7CFA6929A8F4330024C0DE /* Cast.swift in Sources */ = {isa = PBXBuildFile; fileRef = CE7CFA6829A8F4330024C0DE /* Cast.swift */; };
		CE7CFA6B29A8F46A0024C0DE /* MovieDetail.swift in Sources */ = {isa = PBXBuildFile; fileRef = CE7CFA6A29A8F46A0024C0DE /* MovieDetail.swift */; };
		CE7CFA6D29A8F4DD0024C0DE /* Configs.swift in Sources */ = {isa = PBXBuildFile; fileRef = CE7CFA6C29A8F4DD0024C0DE /* Configs.swift */; };
		CE7CFA7029A8F57E0024C0DE /* Network.swift in Sources */ = {isa = PBXBuildFile; fileRef = CE7CFA6F29A8F57E0024C0DE /* Network.swift */; };
		CE7CFA7229A901100024C0DE /* CustomCategoryMovieView.swift in Sources */ = {isa = PBXBuildFile; fileRef = CE7CFA7129A901100024C0DE /* CustomCategoryMovieView.swift */; };
		CE7CFA7429A901800024C0DE /* menu_1.png in Resources */ = {isa = PBXBuildFile; fileRef = CE7CFA7329A901800024C0DE /* menu_1.png */; };
		CE7CFA7629A901860024C0DE /* menu_2.png in Resources */ = {isa = PBXBuildFile; fileRef = CE7CFA7529A901860024C0DE /* menu_2.png */; };
		CE7CFA7829A9018B0024C0DE /* menu_3.png in Resources */ = {isa = PBXBuildFile; fileRef = CE7CFA7729A9018B0024C0DE /* menu_3.png */; };
		CE7CFA7A29A901910024C0DE /* menu_4.png in Resources */ = {isa = PBXBuildFile; fileRef = CE7CFA7929A901910024C0DE /* menu_4.png */; };
		CE7CFA7C29A9019B0024C0DE /* ic_audio.png in Resources */ = {isa = PBXBuildFile; fileRef = CE7CFA7B29A9019B0024C0DE /* ic_audio.png */; };
		CE7CFA7E29A903CF0024C0DE /* extension.swift in Sources */ = {isa = PBXBuildFile; fileRef = CE7CFA7D29A903CF0024C0DE /* extension.swift */; };
		CE7CFA8029A906640024C0DE /* ic_line_vert.png in Resources */ = {isa = PBXBuildFile; fileRef = CE7CFA7F29A906640024C0DE /* ic_line_vert.png */; };
		CE7CFA8329A90D1B0024C0DE /* DetailViewController.swift in Sources */ = {isa = PBXBuildFile; fileRef = CE7CFA8229A90D1B0024C0DE /* DetailViewController.swift */; };
		CE7CFA8529A90F590024C0DE /* ic_back.png in Resources */ = {isa = PBXBuildFile; fileRef = CE7CFA8429A90F590024C0DE /* ic_back.png */; };
		CE82729D29ACC32A000B6DED /* CastCollectionViewCell.swift in Sources */ = {isa = PBXBuildFile; fileRef = CE82729C29ACC32A000B6DED /* CastCollectionViewCell.swift */; };
		CEA080DA29A9A8B600095CED /* ScrollableBottomSheetViewController.swift in Sources */ = {isa = PBXBuildFile; fileRef = CEA080D929A9A8B600095CED /* ScrollableBottomSheetViewController.swift */; };
		CECE3DA829AB659D00430B73 /* PopularCollectionViewCell.swift in Sources */ = {isa = PBXBuildFile; fileRef = CECE3DA729AB659D00430B73 /* PopularCollectionViewCell.swift */; };
		CEDA450329A9BA72004AD539 /* Line.png in Resources */ = {isa = PBXBuildFile; fileRef = CEDA450229A9BA72004AD539 /* Line.png */; };
		CEDA450529A9BA8F004AD539 /* ic_scroll_line.png in Resources */ = {isa = PBXBuildFile; fileRef = CEDA450429A9BA8F004AD539 /* ic_scroll_line.png */; };
		CEDA450729A9BC4F004AD539 /* GradientDetail.swift in Sources */ = {isa = PBXBuildFile; fileRef = CEDA450629A9BC4F004AD539 /* GradientDetail.swift */; };
		CEDA450929A9BD46004AD539 /* DetailViewCell.swift in Sources */ = {isa = PBXBuildFile; fileRef = CEDA450829A9BD46004AD539 /* DetailViewCell.swift */; };
		CEDA450B29A9C317004AD539 /* CastViewCell.swift in Sources */ = {isa = PBXBuildFile; fileRef = CEDA450A29A9C317004AD539 /* CastViewCell.swift */; };
		CEDA450D29A9D1D8004AD539 /* avatar.png in Resources */ = {isa = PBXBuildFile; fileRef = CEDA450C29A9D1D8004AD539 /* avatar.png */; };
		CEDA450F29A9DA6F004AD539 /* ic_share.png in Resources */ = {isa = PBXBuildFile; fileRef = CEDA450E29A9DA6F004AD539 /* ic_share.png */; };
		CEDA451129A9DA8A004AD539 /* ic_favorite.png in Resources */ = {isa = PBXBuildFile; fileRef = CEDA451029A9DA8A004AD539 /* ic_favorite.png */; };
		CEDA451329A9DAC7004AD539 /* GradientBtnView.swift in Sources */ = {isa = PBXBuildFile; fileRef = CEDA451229A9DAC7004AD539 /* GradientBtnView.swift */; };
		CEDA451529A9EEB0004AD539 /* UiImdb.swift in Sources */ = {isa = PBXBuildFile; fileRef = CEDA451429A9EEB0004AD539 /* UiImdb.swift */; };
		CEDA451729A9F164004AD539 /* ic_imdb.png in Resources */ = {isa = PBXBuildFile; fileRef = CEDA451629A9F164004AD539 /* ic_imdb.png */; };
		CEEBD4F529AB5D55005EE52A /* Main.storyboard in Resources */ = {isa = PBXBuildFile; fileRef = CEEBD4F429AB5D55005EE52A /* Main.storyboard */; };
/* End PBXBuildFile section */

/* Begin PBXContainerItemProxy section */
		CE6BFECE29A8BADA00E5D621 /* PBXContainerItemProxy */ = {
			isa = PBXContainerItemProxy;
			containerPortal = CE6BFEAF29A8BAD700E5D621 /* Project object */;
			proxyType = 1;
			remoteGlobalIDString = CE6BFEB629A8BAD700E5D621;
			remoteInfo = movie_ios;
		};
		CE6BFED829A8BADA00E5D621 /* PBXContainerItemProxy */ = {
			isa = PBXContainerItemProxy;
			containerPortal = CE6BFEAF29A8BAD700E5D621 /* Project object */;
			proxyType = 1;
			remoteGlobalIDString = CE6BFEB629A8BAD700E5D621;
			remoteInfo = movie_ios;
		};
/* End PBXContainerItemProxy section */

/* Begin PBXFileReference section */
		CE03D27529ACBE65004F096B /* ScrollDetailViewController.swift */ = {isa = PBXFileReference; lastKnownFileType = sourcecode.swift; path = ScrollDetailViewController.swift; sourceTree = "<group>"; };
		CE0DB91429ADAD73006A5EF1 /* OtherTestViewController.swift */ = {isa = PBXFileReference; lastKnownFileType = sourcecode.swift; path = OtherTestViewController.swift; sourceTree = "<group>"; };
		CE0DB91629ADB60F006A5EF1 /* OtherCollectionViewCell.swift */ = {isa = PBXFileReference; lastKnownFileType = sourcecode.swift; path = OtherCollectionViewCell.swift; sourceTree = "<group>"; };
		CE66DB0029AB99860000AD48 /* ic_ellipse_fill.png */ = {isa = PBXFileReference; lastKnownFileType = image.png; path = ic_ellipse_fill.png; sourceTree = "<group>"; };
		CE66DB0229AB9A860000AD48 /* ic_ellipse.png */ = {isa = PBXFileReference; lastKnownFileType = image.png; path = ic_ellipse.png; sourceTree = "<group>"; };
		CE6BFEB729A8BAD700E5D621 /* movie_ios.app */ = {isa = PBXFileReference; explicitFileType = wrapper.application; includeInIndex = 0; path = movie_ios.app; sourceTree = BUILT_PRODUCTS_DIR; };
		CE6BFEBA29A8BAD700E5D621 /* AppDelegate.swift */ = {isa = PBXFileReference; lastKnownFileType = sourcecode.swift; path = AppDelegate.swift; sourceTree = "<group>"; };
		CE6BFEBC29A8BAD700E5D621 /* SceneDelegate.swift */ = {isa = PBXFileReference; lastKnownFileType = sourcecode.swift; path = SceneDelegate.swift; sourceTree = "<group>"; };
		CE6BFEBE29A8BAD700E5D621 /* ViewController.swift */ = {isa = PBXFileReference; lastKnownFileType = sourcecode.swift; path = ViewController.swift; sourceTree = "<group>"; };
		CE6BFEC329A8BADA00E5D621 /* Assets.xcassets */ = {isa = PBXFileReference; lastKnownFileType = folder.assetcatalog; path = Assets.xcassets; sourceTree = "<group>"; };
		CE6BFEC629A8BADA00E5D621 /* Base */ = {isa = PBXFileReference; lastKnownFileType = file.storyboard; name = Base; path = Base.lproj/LaunchScreen.storyboard; sourceTree = "<group>"; };
		CE6BFEC829A8BADA00E5D621 /* Info.plist */ = {isa = PBXFileReference; lastKnownFileType = text.plist.xml; path = Info.plist; sourceTree = "<group>"; };
		CE6BFECD29A8BADA00E5D621 /* movie_iosTests.xctest */ = {isa = PBXFileReference; explicitFileType = wrapper.cfbundle; includeInIndex = 0; path = movie_iosTests.xctest; sourceTree = BUILT_PRODUCTS_DIR; };
		CE6BFED129A8BADA00E5D621 /* movie_iosTests.swift */ = {isa = PBXFileReference; lastKnownFileType = sourcecode.swift; path = movie_iosTests.swift; sourceTree = "<group>"; };
		CE6BFED729A8BADA00E5D621 /* movie_iosUITests.xctest */ = {isa = PBXFileReference; explicitFileType = wrapper.cfbundle; includeInIndex = 0; path = movie_iosUITests.xctest; sourceTree = BUILT_PRODUCTS_DIR; };
		CE6BFEDB29A8BADA00E5D621 /* movie_iosUITests.swift */ = {isa = PBXFileReference; lastKnownFileType = sourcecode.swift; path = movie_iosUITests.swift; sourceTree = "<group>"; };
		CE6BFEDD29A8BADA00E5D621 /* movie_iosUITestsLaunchTests.swift */ = {isa = PBXFileReference; lastKnownFileType = sourcecode.swift; path = movie_iosUITestsLaunchTests.swift; sourceTree = "<group>"; };
		CE6BFEEC29A8BB8000E5D621 /* GradientBackground.swift */ = {isa = PBXFileReference; lastKnownFileType = sourcecode.swift; path = GradientBackground.swift; sourceTree = "<group>"; };
		CE6BFEEE29A8C29500E5D621 /* ic_bell.png */ = {isa = PBXFileReference; lastKnownFileType = image.png; path = ic_bell.png; sourceTree = "<group>"; };
		CE6BFEF029A8C34000E5D621 /* GradientSearch.swift */ = {isa = PBXFileReference; lastKnownFileType = sourcecode.swift; path = GradientSearch.swift; sourceTree = "<group>"; };
		CE7CFA6129A8F29D0024C0DE /* UpCommingViewCell.swift */ = {isa = PBXFileReference; lastKnownFileType = sourcecode.swift; path = UpCommingViewCell.swift; sourceTree = "<group>"; };
		CE7CFA6429A8F3EC0024C0DE /* ArrayResponse.swift */ = {isa = PBXFileReference; lastKnownFileType = sourcecode.swift; path = ArrayResponse.swift; sourceTree = "<group>"; };
		CE7CFA6629A8F40A0024C0DE /* MovieRecommend.swift */ = {isa = PBXFileReference; lastKnownFileType = sourcecode.swift; path = MovieRecommend.swift; sourceTree = "<group>"; };
		CE7CFA6829A8F4330024C0DE /* Cast.swift */ = {isa = PBXFileReference; lastKnownFileType = sourcecode.swift; path = Cast.swift; sourceTree = "<group>"; };
		CE7CFA6A29A8F46A0024C0DE /* MovieDetail.swift */ = {isa = PBXFileReference; lastKnownFileType = sourcecode.swift; path = MovieDetail.swift; sourceTree = "<group>"; };
		CE7CFA6C29A8F4DD0024C0DE /* Configs.swift */ = {isa = PBXFileReference; lastKnownFileType = sourcecode.swift; path = Configs.swift; sourceTree = "<group>"; };
		CE7CFA6F29A8F57E0024C0DE /* Network.swift */ = {isa = PBXFileReference; lastKnownFileType = sourcecode.swift; path = Network.swift; sourceTree = "<group>"; };
		CE7CFA7129A901100024C0DE /* CustomCategoryMovieView.swift */ = {isa = PBXFileReference; lastKnownFileType = sourcecode.swift; path = CustomCategoryMovieView.swift; sourceTree = "<group>"; };
		CE7CFA7329A901800024C0DE /* menu_1.png */ = {isa = PBXFileReference; lastKnownFileType = image.png; path = menu_1.png; sourceTree = "<group>"; };
		CE7CFA7529A901860024C0DE /* menu_2.png */ = {isa = PBXFileReference; lastKnownFileType = image.png; path = menu_2.png; sourceTree = "<group>"; };
		CE7CFA7729A9018B0024C0DE /* menu_3.png */ = {isa = PBXFileReference; lastKnownFileType = image.png; path = menu_3.png; sourceTree = "<group>"; };
		CE7CFA7929A901910024C0DE /* menu_4.png */ = {isa = PBXFileReference; lastKnownFileType = image.png; path = menu_4.png; sourceTree = "<group>"; };
		CE7CFA7B29A9019B0024C0DE /* ic_audio.png */ = {isa = PBXFileReference; lastKnownFileType = image.png; path = ic_audio.png; sourceTree = "<group>"; };
		CE7CFA7D29A903CF0024C0DE /* extension.swift */ = {isa = PBXFileReference; lastKnownFileType = sourcecode.swift; path = extension.swift; sourceTree = "<group>"; };
		CE7CFA7F29A906640024C0DE /* ic_line_vert.png */ = {isa = PBXFileReference; lastKnownFileType = image.png; path = ic_line_vert.png; sourceTree = "<group>"; };
		CE7CFA8229A90D1B0024C0DE /* DetailViewController.swift */ = {isa = PBXFileReference; lastKnownFileType = sourcecode.swift; path = DetailViewController.swift; sourceTree = "<group>"; };
		CE7CFA8429A90F590024C0DE /* ic_back.png */ = {isa = PBXFileReference; lastKnownFileType = image.png; path = ic_back.png; sourceTree = "<group>"; };
		CE82729C29ACC32A000B6DED /* CastCollectionViewCell.swift */ = {isa = PBXFileReference; lastKnownFileType = sourcecode.swift; path = CastCollectionViewCell.swift; sourceTree = "<group>"; };
		CEA080D929A9A8B600095CED /* ScrollableBottomSheetViewController.swift */ = {isa = PBXFileReference; lastKnownFileType = sourcecode.swift; path = ScrollableBottomSheetViewController.swift; sourceTree = "<group>"; };
		CECE3DA729AB659D00430B73 /* PopularCollectionViewCell.swift */ = {isa = PBXFileReference; lastKnownFileType = sourcecode.swift; path = PopularCollectionViewCell.swift; sourceTree = "<group>"; };
		CEDA450229A9BA72004AD539 /* Line.png */ = {isa = PBXFileReference; lastKnownFileType = image.png; path = Line.png; sourceTree = "<group>"; };
		CEDA450429A9BA8F004AD539 /* ic_scroll_line.png */ = {isa = PBXFileReference; lastKnownFileType = image.png; path = ic_scroll_line.png; sourceTree = "<group>"; };
		CEDA450629A9BC4F004AD539 /* GradientDetail.swift */ = {isa = PBXFileReference; lastKnownFileType = sourcecode.swift; path = GradientDetail.swift; sourceTree = "<group>"; };
		CEDA450829A9BD46004AD539 /* DetailViewCell.swift */ = {isa = PBXFileReference; lastKnownFileType = sourcecode.swift; path = DetailViewCell.swift; sourceTree = "<group>"; };
		CEDA450A29A9C317004AD539 /* CastViewCell.swift */ = {isa = PBXFileReference; lastKnownFileType = sourcecode.swift; path = CastViewCell.swift; sourceTree = "<group>"; };
		CEDA450C29A9D1D8004AD539 /* avatar.png */ = {isa = PBXFileReference; lastKnownFileType = image.png; path = avatar.png; sourceTree = "<group>"; };
		CEDA450E29A9DA6F004AD539 /* ic_share.png */ = {isa = PBXFileReference; lastKnownFileType = image.png; path = ic_share.png; sourceTree = "<group>"; };
		CEDA451029A9DA8A004AD539 /* ic_favorite.png */ = {isa = PBXFileReference; lastKnownFileType = image.png; path = ic_favorite.png; sourceTree = "<group>"; };
		CEDA451229A9DAC7004AD539 /* GradientBtnView.swift */ = {isa = PBXFileReference; lastKnownFileType = sourcecode.swift; path = GradientBtnView.swift; sourceTree = "<group>"; };
		CEDA451429A9EEB0004AD539 /* UiImdb.swift */ = {isa = PBXFileReference; lastKnownFileType = sourcecode.swift; path = UiImdb.swift; sourceTree = "<group>"; };
		CEDA451629A9F164004AD539 /* ic_imdb.png */ = {isa = PBXFileReference; lastKnownFileType = image.png; path = ic_imdb.png; sourceTree = "<group>"; };
		CEEBD4F429AB5D55005EE52A /* Main.storyboard */ = {isa = PBXFileReference; fileEncoding = 4; lastKnownFileType = file.storyboard; path = Main.storyboard; sourceTree = "<group>"; };
/* End PBXFileReference section */

/* Begin PBXFrameworksBuildPhase section */
		CE6BFEB429A8BAD700E5D621 /* Frameworks */ = {
			isa = PBXFrameworksBuildPhase;
			buildActionMask = 2147483647;
			files = (
			);
			runOnlyForDeploymentPostprocessing = 0;
		};
		CE6BFECA29A8BADA00E5D621 /* Frameworks */ = {
			isa = PBXFrameworksBuildPhase;
			buildActionMask = 2147483647;
			files = (
			);
			runOnlyForDeploymentPostprocessing = 0;
		};
		CE6BFED429A8BADA00E5D621 /* Frameworks */ = {
			isa = PBXFrameworksBuildPhase;
			buildActionMask = 2147483647;
			files = (
			);
			runOnlyForDeploymentPostprocessing = 0;
		};
/* End PBXFrameworksBuildPhase section */

/* Begin PBXGroup section */
		CE0DB91929ADE8BF006A5EF1 /* image */ = {
			isa = PBXGroup;
			children = (
				CE7CFA7929A901910024C0DE /* menu_4.png */,
				CE66DB0229AB9A860000AD48 /* ic_ellipse.png */,
				CEDA450E29A9DA6F004AD539 /* ic_share.png */,
				CEDA451029A9DA8A004AD539 /* ic_favorite.png */,
				CEDA450C29A9D1D8004AD539 /* avatar.png */,
				CEDA450429A9BA8F004AD539 /* ic_scroll_line.png */,
				CEDA451629A9F164004AD539 /* ic_imdb.png */,
				CEDA450229A9BA72004AD539 /* Line.png */,
				CE66DB0029AB99860000AD48 /* ic_ellipse_fill.png */,
				CE7CFA7B29A9019B0024C0DE /* ic_audio.png */,
				CE7CFA7F29A906640024C0DE /* ic_line_vert.png */,
				CE6BFEEE29A8C29500E5D621 /* ic_bell.png */,
				CE7CFA7529A901860024C0DE /* menu_2.png */,
				CE7CFA8429A90F590024C0DE /* ic_back.png */,
				CE7CFA7729A9018B0024C0DE /* menu_3.png */,
				CE7CFA7329A901800024C0DE /* menu_1.png */,
			);
			path = image;
			sourceTree = "<group>";
		};
		CE6BFEAE29A8BAD700E5D621 = {
			isa = PBXGroup;
			children = (
				CE7CFA8129A90CFF0024C0DE /* screen */,
				CE7CFA6E29A8F5680024C0DE /* network */,
				CE7CFA6329A8F3E00024C0DE /* model */,
				CE6BFEF229A8C73400E5D621 /* ui */,
				CE6BFEEA29A8BB2200E5D621 /* common */,
				CE6BFEB929A8BAD700E5D621 /* movie_ios */,
				CE6BFED029A8BADA00E5D621 /* movie_iosTests */,
				CE6BFEDA29A8BADA00E5D621 /* movie_iosUITests */,
				CE6BFEB829A8BAD700E5D621 /* Products */,
			);
			sourceTree = "<group>";
		};
		CE6BFEB829A8BAD700E5D621 /* Products */ = {
			isa = PBXGroup;
			children = (
				CE6BFEB729A8BAD700E5D621 /* movie_ios.app */,
				CE6BFECD29A8BADA00E5D621 /* movie_iosTests.xctest */,
				CE6BFED729A8BADA00E5D621 /* movie_iosUITests.xctest */,
			);
			name = Products;
			sourceTree = "<group>";
		};
		CE6BFEB929A8BAD700E5D621 /* movie_ios */ = {
			isa = PBXGroup;
			children = (
				CEEBD4F429AB5D55005EE52A /* Main.storyboard */,
				CE6BFEBA29A8BAD700E5D621 /* AppDelegate.swift */,
				CE6BFEBC29A8BAD700E5D621 /* SceneDelegate.swift */,
				CE6BFEBE29A8BAD700E5D621 /* ViewController.swift */,
				CE6BFEC329A8BADA00E5D621 /* Assets.xcassets */,
				CE0DB91929ADE8BF006A5EF1 /* image */,
				CE6BFEC529A8BADA00E5D621 /* LaunchScreen.storyboard */,
				CE6BFEC829A8BADA00E5D621 /* Info.plist */,
			);
			path = movie_ios;
			sourceTree = "<group>";
		};
		CE6BFED029A8BADA00E5D621 /* movie_iosTests */ = {
			isa = PBXGroup;
			children = (
				CE6BFED129A8BADA00E5D621 /* movie_iosTests.swift */,
			);
			path = movie_iosTests;
			sourceTree = "<group>";
		};
		CE6BFEDA29A8BADA00E5D621 /* movie_iosUITests */ = {
			isa = PBXGroup;
			children = (
				CE6BFEDB29A8BADA00E5D621 /* movie_iosUITests.swift */,
				CE6BFEDD29A8BADA00E5D621 /* movie_iosUITestsLaunchTests.swift */,
			);
			path = movie_iosUITests;
			sourceTree = "<group>";
		};
		CE6BFEEA29A8BB2200E5D621 /* common */ = {
			isa = PBXGroup;
			children = (
				CEDA451429A9EEB0004AD539 /* UiImdb.swift */,
				CE6BFEEB29A8BB2B00E5D621 /* gradientView */,
				CE7CFA7D29A903CF0024C0DE /* extension.swift */,
			);
			path = common;
			sourceTree = "<group>";
		};
		CE6BFEEB29A8BB2B00E5D621 /* gradientView */ = {
			isa = PBXGroup;
			children = (
				CE6BFEEC29A8BB8000E5D621 /* GradientBackground.swift */,
				CE6BFEF029A8C34000E5D621 /* GradientSearch.swift */,
				CEDA450629A9BC4F004AD539 /* GradientDetail.swift */,
				CEDA451229A9DAC7004AD539 /* GradientBtnView.swift */,
			);
			path = gradientView;
			sourceTree = "<group>";
		};
		CE6BFEF229A8C73400E5D621 /* ui */ = {
			isa = PBXGroup;
			children = (
				CE6BFEF329A8C73B00E5D621 /* cell */,
				CE7CFA7129A901100024C0DE /* CustomCategoryMovieView.swift */,
			);
			path = ui;
			sourceTree = "<group>";
		};
		CE6BFEF329A8C73B00E5D621 /* cell */ = {
			isa = PBXGroup;
			children = (
				CE7CFA6129A8F29D0024C0DE /* UpCommingViewCell.swift */,
				CEDA450829A9BD46004AD539 /* DetailViewCell.swift */,
				CEDA450A29A9C317004AD539 /* CastViewCell.swift */,
				CECE3DA729AB659D00430B73 /* PopularCollectionViewCell.swift */,
				CE82729C29ACC32A000B6DED /* CastCollectionViewCell.swift */,
				CE0DB91629ADB60F006A5EF1 /* OtherCollectionViewCell.swift */,
			);
			path = cell;
			sourceTree = "<group>";
		};
		CE7CFA6329A8F3E00024C0DE /* model */ = {
			isa = PBXGroup;
			children = (
				CE7CFA6429A8F3EC0024C0DE /* ArrayResponse.swift */,
				CE7CFA6629A8F40A0024C0DE /* MovieRecommend.swift */,
				CE7CFA6829A8F4330024C0DE /* Cast.swift */,
				CE7CFA6A29A8F46A0024C0DE /* MovieDetail.swift */,
			);
			path = model;
			sourceTree = "<group>";
		};
		CE7CFA6E29A8F5680024C0DE /* network */ = {
			isa = PBXGroup;
			children = (
				CE7CFA6C29A8F4DD0024C0DE /* Configs.swift */,
				CE7CFA6F29A8F57E0024C0DE /* Network.swift */,
			);
			path = network;
			sourceTree = "<group>";
		};
		CE7CFA8129A90CFF0024C0DE /* screen */ = {
			isa = PBXGroup;
			children = (
				CE7CFA8229A90D1B0024C0DE /* DetailViewController.swift */,
				CEA080D929A9A8B600095CED /* ScrollableBottomSheetViewController.swift */,
				CE03D27529ACBE65004F096B /* ScrollDetailViewController.swift */,
				CE0DB91429ADAD73006A5EF1 /* OtherTestViewController.swift */,
			);
			path = screen;
			sourceTree = "<group>";
		};
/* End PBXGroup section */

/* Begin PBXNativeTarget section */
		CE6BFEB629A8BAD700E5D621 /* movie_ios */ = {
			isa = PBXNativeTarget;
			buildConfigurationList = CE6BFEE129A8BADA00E5D621 /* Build configuration list for PBXNativeTarget "movie_ios" */;
			buildPhases = (
				CE6BFEB329A8BAD700E5D621 /* Sources */,
				CE6BFEB429A8BAD700E5D621 /* Frameworks */,
				CE6BFEB529A8BAD700E5D621 /* Resources */,
			);
			buildRules = (
			);
			dependencies = (
			);
			name = movie_ios;
			productName = movie_ios;
			productReference = CE6BFEB729A8BAD700E5D621 /* movie_ios.app */;
			productType = "com.apple.product-type.application";
		};
		CE6BFECC29A8BADA00E5D621 /* movie_iosTests */ = {
			isa = PBXNativeTarget;
			buildConfigurationList = CE6BFEE429A8BADA00E5D621 /* Build configuration list for PBXNativeTarget "movie_iosTests" */;
			buildPhases = (
				CE6BFEC929A8BADA00E5D621 /* Sources */,
				CE6BFECA29A8BADA00E5D621 /* Frameworks */,
				CE6BFECB29A8BADA00E5D621 /* Resources */,
			);
			buildRules = (
			);
			dependencies = (
				CE6BFECF29A8BADA00E5D621 /* PBXTargetDependency */,
			);
			name = movie_iosTests;
			productName = movie_iosTests;
			productReference = CE6BFECD29A8BADA00E5D621 /* movie_iosTests.xctest */;
			productType = "com.apple.product-type.bundle.unit-test";
		};
		CE6BFED629A8BADA00E5D621 /* movie_iosUITests */ = {
			isa = PBXNativeTarget;
			buildConfigurationList = CE6BFEE729A8BADA00E5D621 /* Build configuration list for PBXNativeTarget "movie_iosUITests" */;
			buildPhases = (
				CE6BFED329A8BADA00E5D621 /* Sources */,
				CE6BFED429A8BADA00E5D621 /* Frameworks */,
				CE6BFED529A8BADA00E5D621 /* Resources */,
			);
			buildRules = (
			);
			dependencies = (
				CE6BFED929A8BADA00E5D621 /* PBXTargetDependency */,
			);
			name = movie_iosUITests;
			productName = movie_iosUITests;
			productReference = CE6BFED729A8BADA00E5D621 /* movie_iosUITests.xctest */;
			productType = "com.apple.product-type.bundle.ui-testing";
		};
/* End PBXNativeTarget section */

/* Begin PBXProject section */
		CE6BFEAF29A8BAD700E5D621 /* Project object */ = {
			isa = PBXProject;
			attributes = {
				BuildIndependentTargetsInParallel = 1;
				LastSwiftUpdateCheck = 1340;
				LastUpgradeCheck = 1340;
				TargetAttributes = {
					CE6BFEB629A8BAD700E5D621 = {
						CreatedOnToolsVersion = 13.4.1;
					};
					CE6BFECC29A8BADA00E5D621 = {
						CreatedOnToolsVersion = 13.4.1;
						TestTargetID = CE6BFEB629A8BAD700E5D621;
					};
					CE6BFED629A8BADA00E5D621 = {
						CreatedOnToolsVersion = 13.4.1;
						TestTargetID = CE6BFEB629A8BAD700E5D621;
					};
				};
			};
			buildConfigurationList = CE6BFEB229A8BAD700E5D621 /* Build configuration list for PBXProject "movie_ios" */;
			compatibilityVersion = "Xcode 13.0";
			developmentRegion = en;
			hasScannedForEncodings = 0;
			knownRegions = (
				en,
				Base,
			);
			mainGroup = CE6BFEAE29A8BAD700E5D621;
			productRefGroup = CE6BFEB829A8BAD700E5D621 /* Products */;
			projectDirPath = "";
			projectRoot = "";
			targets = (
				CE6BFEB629A8BAD700E5D621 /* movie_ios */,
				CE6BFECC29A8BADA00E5D621 /* movie_iosTests */,
				CE6BFED629A8BADA00E5D621 /* movie_iosUITests */,
			);
		};
/* End PBXProject section */

/* Begin PBXResourcesBuildPhase section */
		CE6BFEB529A8BAD700E5D621 /* Resources */ = {
			isa = PBXResourcesBuildPhase;
			buildActionMask = 2147483647;
			files = (
				CEDA450F29A9DA6F004AD539 /* ic_share.png in Resources */,
				CE7CFA7429A901800024C0DE /* menu_1.png in Resources */,
				CE6BFEEF29A8C29500E5D621 /* ic_bell.png in Resources */,
				CE6BFEC729A8BADA00E5D621 /* LaunchScreen.storyboard in Resources */,
				CEDA450329A9BA72004AD539 /* Line.png in Resources */,
				CE7CFA7629A901860024C0DE /* menu_2.png in Resources */,
				CEEBD4F529AB5D55005EE52A /* Main.storyboard in Resources */,
				CE6BFEC429A8BADA00E5D621 /* Assets.xcassets in Resources */,
				CE7CFA7A29A901910024C0DE /* menu_4.png in Resources */,
				CE7CFA8029A906640024C0DE /* ic_line_vert.png in Resources */,
				CEDA450D29A9D1D8004AD539 /* avatar.png in Resources */,
				CE66DB0129AB99860000AD48 /* ic_ellipse_fill.png in Resources */,
				CEDA450529A9BA8F004AD539 /* ic_scroll_line.png in Resources */,
				CE66DB0329AB9A860000AD48 /* ic_ellipse.png in Resources */,
				CE7CFA7C29A9019B0024C0DE /* ic_audio.png in Resources */,
				CEDA451729A9F164004AD539 /* ic_imdb.png in Resources */,
				CE7CFA7829A9018B0024C0DE /* menu_3.png in Resources */,
				CEDA451129A9DA8A004AD539 /* ic_favorite.png in Resources */,
				CE7CFA8529A90F590024C0DE /* ic_back.png in Resources */,
			);
			runOnlyForDeploymentPostprocessing = 0;
		};
		CE6BFECB29A8BADA00E5D621 /* Resources */ = {
			isa = PBXResourcesBuildPhase;
			buildActionMask = 2147483647;
			files = (
			);
			runOnlyForDeploymentPostprocessing = 0;
		};
		CE6BFED529A8BADA00E5D621 /* Resources */ = {
			isa = PBXResourcesBuildPhase;
			buildActionMask = 2147483647;
			files = (
			);
			runOnlyForDeploymentPostprocessing = 0;
		};
/* End PBXResourcesBuildPhase section */

/* Begin PBXSourcesBuildPhase section */
		CE6BFEB329A8BAD700E5D621 /* Sources */ = {
			isa = PBXSourcesBuildPhase;
			buildActionMask = 2147483647;
			files = (
				CE7CFA7029A8F57E0024C0DE /* Network.swift in Sources */,
				CEDA450729A9BC4F004AD539 /* GradientDetail.swift in Sources */,
				CEA080DA29A9A8B600095CED /* ScrollableBottomSheetViewController.swift in Sources */,
				CE7CFA6729A8F40A0024C0DE /* MovieRecommend.swift in Sources */,
				CE7CFA7E29A903CF0024C0DE /* extension.swift in Sources */,
				CECE3DA829AB659D00430B73 /* PopularCollectionViewCell.swift in Sources */,
				CE7CFA6929A8F4330024C0DE /* Cast.swift in Sources */,
				CE6BFEBF29A8BAD700E5D621 /* ViewController.swift in Sources */,
				CE6BFEF129A8C34000E5D621 /* GradientSearch.swift in Sources */,
				CE82729D29ACC32A000B6DED /* CastCollectionViewCell.swift in Sources */,
				CEDA450929A9BD46004AD539 /* DetailViewCell.swift in Sources */,
				CE0DB91529ADAD73006A5EF1 /* OtherTestViewController.swift in Sources */,
				CE7CFA8329A90D1B0024C0DE /* DetailViewController.swift in Sources */,
				CEDA451529A9EEB0004AD539 /* UiImdb.swift in Sources */,
				CE7CFA6D29A8F4DD0024C0DE /* Configs.swift in Sources */,
				CE0DB91729ADB60F006A5EF1 /* OtherCollectionViewCell.swift in Sources */,
				CE6BFEED29A8BB8000E5D621 /* GradientBackground.swift in Sources */,
				CE7CFA6529A8F3EC0024C0DE /* ArrayResponse.swift in Sources */,
				CE7CFA6229A8F29D0024C0DE /* UpCommingViewCell.swift in Sources */,
				CEDA450B29A9C317004AD539 /* CastViewCell.swift in Sources */,
				CE7CFA7229A901100024C0DE /* CustomCategoryMovieView.swift in Sources */,
				CE6BFEBB29A8BAD700E5D621 /* AppDelegate.swift in Sources */,
				CE03D27629ACBE65004F096B /* ScrollDetailViewController.swift in Sources */,
				CE6BFEBD29A8BAD700E5D621 /* SceneDelegate.swift in Sources */,
				CEDA451329A9DAC7004AD539 /* GradientBtnView.swift in Sources */,
				CE7CFA6B29A8F46A0024C0DE /* MovieDetail.swift in Sources */,
			);
			runOnlyForDeploymentPostprocessing = 0;
		};
		CE6BFEC929A8BADA00E5D621 /* Sources */ = {
			isa = PBXSourcesBuildPhase;
			buildActionMask = 2147483647;
			files = (
				CE6BFED229A8BADA00E5D621 /* movie_iosTests.swift in Sources */,
			);
			runOnlyForDeploymentPostprocessing = 0;
		};
		CE6BFED329A8BADA00E5D621 /* Sources */ = {
			isa = PBXSourcesBuildPhase;
			buildActionMask = 2147483647;
			files = (
				CE6BFEDC29A8BADA00E5D621 /* movie_iosUITests.swift in Sources */,
				CE6BFEDE29A8BADA00E5D621 /* movie_iosUITestsLaunchTests.swift in Sources */,
			);
			runOnlyForDeploymentPostprocessing = 0;
		};
/* End PBXSourcesBuildPhase section */

/* Begin PBXTargetDependency section */
		CE6BFECF29A8BADA00E5D621 /* PBXTargetDependency */ = {
			isa = PBXTargetDependency;
			target = CE6BFEB629A8BAD700E5D621 /* movie_ios */;
			targetProxy = CE6BFECE29A8BADA00E5D621 /* PBXContainerItemProxy */;
		};
		CE6BFED929A8BADA00E5D621 /* PBXTargetDependency */ = {
			isa = PBXTargetDependency;
			target = CE6BFEB629A8BAD700E5D621 /* movie_ios */;
			targetProxy = CE6BFED829A8BADA00E5D621 /* PBXContainerItemProxy */;
		};
/* End PBXTargetDependency section */

/* Begin PBXVariantGroup section */
		CE6BFEC529A8BADA00E5D621 /* LaunchScreen.storyboard */ = {
			isa = PBXVariantGroup;
			children = (
				CE6BFEC629A8BADA00E5D621 /* Base */,
			);
			name = LaunchScreen.storyboard;
			sourceTree = "<group>";
		};
/* End PBXVariantGroup section */

/* Begin XCBuildConfiguration section */
		CE6BFEDF29A8BADA00E5D621 /* Debug */ = {
			isa = XCBuildConfiguration;
			buildSettings = {
				ALWAYS_SEARCH_USER_PATHS = NO;
				CLANG_ANALYZER_NONNULL = YES;
				CLANG_ANALYZER_NUMBER_OBJECT_CONVERSION = YES_AGGRESSIVE;
				CLANG_CXX_LANGUAGE_STANDARD = "gnu++17";
				CLANG_ENABLE_MODULES = YES;
				CLANG_ENABLE_OBJC_ARC = YES;
				CLANG_ENABLE_OBJC_WEAK = YES;
				CLANG_WARN_BLOCK_CAPTURE_AUTORELEASING = YES;
				CLANG_WARN_BOOL_CONVERSION = YES;
				CLANG_WARN_COMMA = YES;
				CLANG_WARN_CONSTANT_CONVERSION = YES;
				CLANG_WARN_DEPRECATED_OBJC_IMPLEMENTATIONS = YES;
				CLANG_WARN_DIRECT_OBJC_ISA_USAGE = YES_ERROR;
				CLANG_WARN_DOCUMENTATION_COMMENTS = YES;
				CLANG_WARN_EMPTY_BODY = YES;
				CLANG_WARN_ENUM_CONVERSION = YES;
				CLANG_WARN_INFINITE_RECURSION = YES;
				CLANG_WARN_INT_CONVERSION = YES;
				CLANG_WARN_NON_LITERAL_NULL_CONVERSION = YES;
				CLANG_WARN_OBJC_IMPLICIT_RETAIN_SELF = YES;
				CLANG_WARN_OBJC_LITERAL_CONVERSION = YES;
				CLANG_WARN_OBJC_ROOT_CLASS = YES_ERROR;
				CLANG_WARN_QUOTED_INCLUDE_IN_FRAMEWORK_HEADER = YES;
				CLANG_WARN_RANGE_LOOP_ANALYSIS = YES;
				CLANG_WARN_STRICT_PROTOTYPES = YES;
				CLANG_WARN_SUSPICIOUS_MOVE = YES;
				CLANG_WARN_UNGUARDED_AVAILABILITY = YES_AGGRESSIVE;
				CLANG_WARN_UNREACHABLE_CODE = YES;
				CLANG_WARN__DUPLICATE_METHOD_MATCH = YES;
				COPY_PHASE_STRIP = NO;
				DEBUG_INFORMATION_FORMAT = dwarf;
				ENABLE_STRICT_OBJC_MSGSEND = YES;
				ENABLE_TESTABILITY = YES;
				GCC_C_LANGUAGE_STANDARD = gnu11;
				GCC_DYNAMIC_NO_PIC = NO;
				GCC_NO_COMMON_BLOCKS = YES;
				GCC_OPTIMIZATION_LEVEL = 0;
				GCC_PREPROCESSOR_DEFINITIONS = (
					"DEBUG=1",
					"$(inherited)",
				);
				GCC_WARN_64_TO_32_BIT_CONVERSION = YES;
				GCC_WARN_ABOUT_RETURN_TYPE = YES_ERROR;
				GCC_WARN_UNDECLARED_SELECTOR = YES;
				GCC_WARN_UNINITIALIZED_AUTOS = YES_AGGRESSIVE;
				GCC_WARN_UNUSED_FUNCTION = YES;
				GCC_WARN_UNUSED_VARIABLE = YES;
				IPHONEOS_DEPLOYMENT_TARGET = 15.5;
				MTL_ENABLE_DEBUG_INFO = INCLUDE_SOURCE;
				MTL_FAST_MATH = YES;
				ONLY_ACTIVE_ARCH = YES;
				SDKROOT = iphoneos;
				SWIFT_ACTIVE_COMPILATION_CONDITIONS = DEBUG;
				SWIFT_OPTIMIZATION_LEVEL = "-Onone";
			};
			name = Debug;
		};
		CE6BFEE029A8BADA00E5D621 /* Release */ = {
			isa = XCBuildConfiguration;
			buildSettings = {
				ALWAYS_SEARCH_USER_PATHS = NO;
				CLANG_ANALYZER_NONNULL = YES;
				CLANG_ANALYZER_NUMBER_OBJECT_CONVERSION = YES_AGGRESSIVE;
				CLANG_CXX_LANGUAGE_STANDARD = "gnu++17";
				CLANG_ENABLE_MODULES = YES;
				CLANG_ENABLE_OBJC_ARC = YES;
				CLANG_ENABLE_OBJC_WEAK = YES;
				CLANG_WARN_BLOCK_CAPTURE_AUTORELEASING = YES;
				CLANG_WARN_BOOL_CONVERSION = YES;
				CLANG_WARN_COMMA = YES;
				CLANG_WARN_CONSTANT_CONVERSION = YES;
				CLANG_WARN_DEPRECATED_OBJC_IMPLEMENTATIONS = YES;
				CLANG_WARN_DIRECT_OBJC_ISA_USAGE = YES_ERROR;
				CLANG_WARN_DOCUMENTATION_COMMENTS = YES;
				CLANG_WARN_EMPTY_BODY = YES;
				CLANG_WARN_ENUM_CONVERSION = YES;
				CLANG_WARN_INFINITE_RECURSION = YES;
				CLANG_WARN_INT_CONVERSION = YES;
				CLANG_WARN_NON_LITERAL_NULL_CONVERSION = YES;
				CLANG_WARN_OBJC_IMPLICIT_RETAIN_SELF = YES;
				CLANG_WARN_OBJC_LITERAL_CONVERSION = YES;
				CLANG_WARN_OBJC_ROOT_CLASS = YES_ERROR;
				CLANG_WARN_QUOTED_INCLUDE_IN_FRAMEWORK_HEADER = YES;
				CLANG_WARN_RANGE_LOOP_ANALYSIS = YES;
				CLANG_WARN_STRICT_PROTOTYPES = YES;
				CLANG_WARN_SUSPICIOUS_MOVE = YES;
				CLANG_WARN_UNGUARDED_AVAILABILITY = YES_AGGRESSIVE;
				CLANG_WARN_UNREACHABLE_CODE = YES;
				CLANG_WARN__DUPLICATE_METHOD_MATCH = YES;
				COPY_PHASE_STRIP = NO;
				DEBUG_INFORMATION_FORMAT = "dwarf-with-dsym";
				ENABLE_NS_ASSERTIONS = NO;
				ENABLE_STRICT_OBJC_MSGSEND = YES;
				GCC_C_LANGUAGE_STANDARD = gnu11;
				GCC_NO_COMMON_BLOCKS = YES;
				GCC_WARN_64_TO_32_BIT_CONVERSION = YES;
				GCC_WARN_ABOUT_RETURN_TYPE = YES_ERROR;
				GCC_WARN_UNDECLARED_SELECTOR = YES;
				GCC_WARN_UNINITIALIZED_AUTOS = YES_AGGRESSIVE;
				GCC_WARN_UNUSED_FUNCTION = YES;
				GCC_WARN_UNUSED_VARIABLE = YES;
				IPHONEOS_DEPLOYMENT_TARGET = 15.5;
				MTL_ENABLE_DEBUG_INFO = NO;
				MTL_FAST_MATH = YES;
				SDKROOT = iphoneos;
				SWIFT_COMPILATION_MODE = wholemodule;
				SWIFT_OPTIMIZATION_LEVEL = "-O";
				VALIDATE_PRODUCT = YES;
			};
			name = Release;
		};
		CE6BFEE229A8BADA00E5D621 /* Debug */ = {
			isa = XCBuildConfiguration;
			buildSettings = {
				ASSETCATALOG_COMPILER_APPICON_NAME = AppIcon;
				ASSETCATALOG_COMPILER_GLOBAL_ACCENT_COLOR_NAME = AccentColor;
				CODE_SIGN_STYLE = Automatic;
				CURRENT_PROJECT_VERSION = 1;
				GENERATE_INFOPLIST_FILE = YES;
				INFOPLIST_FILE = movie_ios/Info.plist;
				INFOPLIST_KEY_UIApplicationSupportsIndirectInputEvents = YES;
				INFOPLIST_KEY_UILaunchStoryboardName = LaunchScreen;
				INFOPLIST_KEY_UIMainStoryboardFile = Main;
				INFOPLIST_KEY_UISupportedInterfaceOrientations_iPad = "UIInterfaceOrientationPortrait UIInterfaceOrientationPortraitUpsideDown UIInterfaceOrientationLandscapeLeft UIInterfaceOrientationLandscapeRight";
				INFOPLIST_KEY_UISupportedInterfaceOrientations_iPhone = "UIInterfaceOrientationPortrait UIInterfaceOrientationLandscapeLeft UIInterfaceOrientationLandscapeRight";
				LD_RUNPATH_SEARCH_PATHS = (
					"$(inherited)",
					"@executable_path/Frameworks",
				);
				MARKETING_VERSION = 1.0;
				PRODUCT_BUNDLE_IDENTIFIER = "DaoBui.movie-ios";
				PRODUCT_NAME = "$(TARGET_NAME)";
				SWIFT_EMIT_LOC_STRINGS = YES;
				SWIFT_VERSION = 5.0;
				TARGETED_DEVICE_FAMILY = "1,2";
			};
			name = Debug;
		};
		CE6BFEE329A8BADA00E5D621 /* Release */ = {
			isa = XCBuildConfiguration;
			buildSettings = {
				ASSETCATALOG_COMPILER_APPICON_NAME = AppIcon;
				ASSETCATALOG_COMPILER_GLOBAL_ACCENT_COLOR_NAME = AccentColor;
				CODE_SIGN_STYLE = Automatic;
				CURRENT_PROJECT_VERSION = 1;
				GENERATE_INFOPLIST_FILE = YES;
				INFOPLIST_FILE = movie_ios/Info.plist;
				INFOPLIST_KEY_UIApplicationSupportsIndirectInputEvents = YES;
				INFOPLIST_KEY_UILaunchStoryboardName = LaunchScreen;
				INFOPLIST_KEY_UIMainStoryboardFile = Main;
				INFOPLIST_KEY_UISupportedInterfaceOrientations_iPad = "UIInterfaceOrientationPortrait UIInterfaceOrientationPortraitUpsideDown UIInterfaceOrientationLandscapeLeft UIInterfaceOrientationLandscapeRight";
				INFOPLIST_KEY_UISupportedInterfaceOrientations_iPhone = "UIInterfaceOrientationPortrait UIInterfaceOrientationLandscapeLeft UIInterfaceOrientationLandscapeRight";
				LD_RUNPATH_SEARCH_PATHS = (
					"$(inherited)",
					"@executable_path/Frameworks",
				);
				MARKETING_VERSION = 1.0;
				PRODUCT_BUNDLE_IDENTIFIER = "DaoBui.movie-ios";
				PRODUCT_NAME = "$(TARGET_NAME)";
				SWIFT_EMIT_LOC_STRINGS = YES;
				SWIFT_VERSION = 5.0;
				TARGETED_DEVICE_FAMILY = "1,2";
			};
			name = Release;
		};
		CE6BFEE529A8BADA00E5D621 /* Debug */ = {
			isa = XCBuildConfiguration;
			buildSettings = {
				ALWAYS_EMBED_SWIFT_STANDARD_LIBRARIES = YES;
				BUNDLE_LOADER = "$(TEST_HOST)";
				CODE_SIGN_STYLE = Automatic;
				CURRENT_PROJECT_VERSION = 1;
				GENERATE_INFOPLIST_FILE = YES;
				IPHONEOS_DEPLOYMENT_TARGET = 15.5;
				MARKETING_VERSION = 1.0;
				PRODUCT_BUNDLE_IDENTIFIER = "DaoBui.movie-iosTests";
				PRODUCT_NAME = "$(TARGET_NAME)";
				SWIFT_EMIT_LOC_STRINGS = NO;
				SWIFT_VERSION = 5.0;
				TARGETED_DEVICE_FAMILY = "1,2";
				TEST_HOST = "$(BUILT_PRODUCTS_DIR)/movie_ios.app/movie_ios";
			};
			name = Debug;
		};
		CE6BFEE629A8BADA00E5D621 /* Release */ = {
			isa = XCBuildConfiguration;
			buildSettings = {
				ALWAYS_EMBED_SWIFT_STANDARD_LIBRARIES = YES;
				BUNDLE_LOADER = "$(TEST_HOST)";
				CODE_SIGN_STYLE = Automatic;
				CURRENT_PROJECT_VERSION = 1;
				GENERATE_INFOPLIST_FILE = YES;
				IPHONEOS_DEPLOYMENT_TARGET = 15.5;
				MARKETING_VERSION = 1.0;
				PRODUCT_BUNDLE_IDENTIFIER = "DaoBui.movie-iosTests";
				PRODUCT_NAME = "$(TARGET_NAME)";
				SWIFT_EMIT_LOC_STRINGS = NO;
				SWIFT_VERSION = 5.0;
				TARGETED_DEVICE_FAMILY = "1,2";
				TEST_HOST = "$(BUILT_PRODUCTS_DIR)/movie_ios.app/movie_ios";
			};
			name = Release;
		};
		CE6BFEE829A8BADA00E5D621 /* Debug */ = {
			isa = XCBuildConfiguration;
			buildSettings = {
				ALWAYS_EMBED_SWIFT_STANDARD_LIBRARIES = YES;
				CODE_SIGN_STYLE = Automatic;
				CURRENT_PROJECT_VERSION = 1;
				GENERATE_INFOPLIST_FILE = YES;
				MARKETING_VERSION = 1.0;
				PRODUCT_BUNDLE_IDENTIFIER = "DaoBui.movie-iosUITests";
				PRODUCT_NAME = "$(TARGET_NAME)";
				SWIFT_EMIT_LOC_STRINGS = NO;
				SWIFT_VERSION = 5.0;
				TARGETED_DEVICE_FAMILY = "1,2";
				TEST_TARGET_NAME = movie_ios;
			};
			name = Debug;
		};
		CE6BFEE929A8BADA00E5D621 /* Release */ = {
			isa = XCBuildConfiguration;
			buildSettings = {
				ALWAYS_EMBED_SWIFT_STANDARD_LIBRARIES = YES;
				CODE_SIGN_STYLE = Automatic;
				CURRENT_PROJECT_VERSION = 1;
				GENERATE_INFOPLIST_FILE = YES;
				MARKETING_VERSION = 1.0;
				PRODUCT_BUNDLE_IDENTIFIER = "DaoBui.movie-iosUITests";
				PRODUCT_NAME = "$(TARGET_NAME)";
				SWIFT_EMIT_LOC_STRINGS = NO;
				SWIFT_VERSION = 5.0;
				TARGETED_DEVICE_FAMILY = "1,2";
				TEST_TARGET_NAME = movie_ios;
			};
			name = Release;
		};
/* End XCBuildConfiguration section */

/* Begin XCConfigurationList section */
		CE6BFEB229A8BAD700E5D621 /* Build configuration list for PBXProject "movie_ios" */ = {
			isa = XCConfigurationList;
			buildConfigurations = (
				CE6BFEDF29A8BADA00E5D621 /* Debug */,
				CE6BFEE029A8BADA00E5D621 /* Release */,
			);
			defaultConfigurationIsVisible = 0;
			defaultConfigurationName = Release;
		};
		CE6BFEE129A8BADA00E5D621 /* Build configuration list for PBXNativeTarget "movie_ios" */ = {
			isa = XCConfigurationList;
			buildConfigurations = (
				CE6BFEE229A8BADA00E5D621 /* Debug */,
				CE6BFEE329A8BADA00E5D621 /* Release */,
			);
			defaultConfigurationIsVisible = 0;
			defaultConfigurationName = Release;
		};
		CE6BFEE429A8BADA00E5D621 /* Build configuration list for PBXNativeTarget "movie_iosTests" */ = {
			isa = XCConfigurationList;
			buildConfigurations = (
				CE6BFEE529A8BADA00E5D621 /* Debug */,
				CE6BFEE629A8BADA00E5D621 /* Release */,
			);
			defaultConfigurationIsVisible = 0;
			defaultConfigurationName = Release;
		};
		CE6BFEE729A8BADA00E5D621 /* Build configuration list for PBXNativeTarget "movie_iosUITests" */ = {
			isa = XCConfigurationList;
			buildConfigurations = (
				CE6BFEE829A8BADA00E5D621 /* Debug */,
				CE6BFEE929A8BADA00E5D621 /* Release */,
			);
			defaultConfigurationIsVisible = 0;
			defaultConfigurationName = Release;
		};
/* End XCConfigurationList section */
	};
	rootObject = CE6BFEAF29A8BAD700E5D621 /* Project object */;
}
